
Microsoft Visual Studio Solution File, Format Version 12.00
# Visual Studio 15
VisualStudioVersion = 15.0.27703.2047
MinimumVisualStudioVersion = 10.0.40219.1
Project("{FAE04EC0-301F-11D3-BF4B-00C04F79EFBC}") = "StarWarsApp.Android", "StarWarsApp\StarWarsApp.Android\StarWarsApp.Android.csproj", "{E7A30A03-6FE4-4362-B0C9-30ED4C6C8739}"
EndProject
Project("{FAE04EC0-301F-11D3-BF4B-00C04F79EFBC}") = "StarWarsApp", "StarWarsApp\StarWarsApp\StarWarsApp.csproj", "{79AAA6A3-0183-4F9E-A749-B9CA272F5A4C}"
EndProject
Global
	GlobalSection(SolutionConfigurationPlatforms) = preSolution
		Debug|Any CPU = Debug|Any CPU
		Release|Any CPU = Release|Any CPU
	EndGlobalSection
	GlobalSection(ProjectConfigurationPlatforms) = postSolution
		{E7A30A03-6FE4-4362-B0C9-30ED4C6C8739}.Debug|Any CPU.ActiveCfg = Debug|Any CPU
		{E7A30A03-6FE4-4362-B0C9-30ED4C6C8739}.Debug|Any CPU.Build.0 = Debug|Any CPU
		{E7A30A03-6FE4-4362-B0C9-30ED4C6C8739}.Debug|Any CPU.Deploy.0 = Debug|Any CPU
		{E7A30A03-6FE4-4362-B0C9-30ED4C6C8739}.Release|Any CPU.ActiveCfg = Release|Any CPU
		{E7A30A03-6FE4-4362-B0C9-30ED4C6C8739}.Release|Any CPU.Build.0 = Release|Any CPU
		{E7A30A03-6FE4-4362-B0C9-30ED4C6C8739}.Release|Any CPU.Deploy.0 = Release|Any CPU
		{79AAA6A3-0183-4F9E-A749-B9CA272F5A4C}.Debug|Any CPU.ActiveCfg = Debug|Any CPU
		{79AAA6A3-0183-4F9E-A749-B9CA272F5A4C}.Debug|Any CPU.Build.0 = Debug|Any CPU
		{79AAA6A3-0183-4F9E-A749-B9CA272F5A4C}.Debug|Any CPU.Deploy.0 = Debug|Any CPU
		{79AAA6A3-0183-4F9E-A749-B9CA272F5A4C}.Release|Any CPU.ActiveCfg = Release|Any CPU
		{79AAA6A3-0183-4F9E-A749-B9CA272F5A4C}.Release|Any CPU.Build.0 = Release|Any CPU
		{79AAA6A3-0183-4F9E-A749-B9CA272F5A4C}.Release|Any CPU.Deploy.0 = Release|Any CPU
	EndGlobalSection
	GlobalSection(SolutionProperties) = preSolution
		HideSolutionNode = FALSE
	EndGlobalSection
	GlobalSection(ExtensibilityGlobals) = postSolution
		SolutionGuid = {26C80D79-6335-4ECF-9191-136E14ABA9E7}
	EndGlobalSection
EndGlobal
